
Microsoft Visual Studio Solution File, Format Version 12.00
# Visual Studio 15
VisualStudioVersion = 15.0.28307.168
MinimumVisualStudioVersion = 10.0.40219.1
Project("{8BC9CEB8-8B4A-11D0-8D11-00A0C91BC942}") = "ConvexHullSAT3D", "ConvexHullSAT3D.vcxproj", "{0FF504E6-E0B8-40C7-9580-8D7793E00548}"
EndProject
Global
	GlobalSection(SolutionConfigurationPlatforms) = preSolution
		Debug|x86 = Debug|x86
		Release|x86 = Release|x86
	EndGlobalSection
	GlobalSection(ProjectConfigurationPlatforms) = postSolution
		{0FF504E6-E0B8-40C7-9580-8D7793E00548}.Debug|x64.ActiveCfg = Debug|x64
		{0FF504E6-E0B8-40C7-9580-8D7793E00548}.Debug|x64.Build.0 = Debug|x64
		{0FF504E6-E0B8-40C7-9580-8D7793E00548}.Debug|x86.ActiveCfg = Debug|Win32
		{0FF504E6-E0B8-40C7-9580-8D7793E00548}.Debug|x86.Build.0 = Debug|Win32
		{0FF504E6-E0B8-40C7-9580-8D7793E00548}.Release|x64.ActiveCfg = Release|x64
		{0FF504E6-E0B8-40C7-9580-8D7793E00548}.Release|x64.Build.0 = Release|x64
		{0FF504E6-E0B8-40C7-9580-8D7793E00548}.Release|x86.ActiveCfg = Release|Win32
		{0FF504E6-E0B8-40C7-9580-8D7793E00548}.Release|x86.Build.0 = Release|Win32
	EndGlobalSection
	GlobalSection(SolutionProperties) = preSolution
		HideSolutionNode = FALSE
	EndGlobalSection
	GlobalSection(ExtensibilityGlobals) = postSolution
		SolutionGuid = {27075EA9-E6F5-4AF3-BA6C-5B074BB5FC59}
	EndGlobalSection
EndGlobal
